
Microsoft Visual Studio Solution File, Format Version 12.00
# Visual Studio Version 17
VisualStudioVersion = 17.2.32630.192
MinimumVisualStudioVersion = 10.0.40219.1
Project("{9A19103F-16F7-4668-BE54-9A1E7A4F7556}") = "DNToolKit", "DNToolKit\DNToolKit.csproj", "{8A84A673-FFE1-4752-AE7E-72CDB87B453C}"
EndProject
Project("{9A19103F-16F7-4668-BE54-9A1E7A4F7556}") = "Common", "Common\Common.csproj", "{B15F2B40-CAE2-4470-830C-BF8954E27DF3}"
EndProject
Project("{FAE04EC0-301F-11D3-BF4B-00C04F79EFBC}") = "IridiumBackend", "IridiumBackend\IridiumBackend.csproj", "{0012F006-D52A-479C-B655-7C8429080DB2}"
EndProject
Project("{FAE04EC0-301F-11D3-BF4B-00C04F79EFBC}") = "DPSMeter", "DPSMeter\DPSMeter\DPSMeter.csproj", "{31FAE2F9-9DE5-4892-BD33-17CA0EF79493}"
EndProject
Project("{FAE04EC0-301F-11D3-BF4B-00C04F79EFBC}") = "DPSMeter.Android", "DPSMeter\DPSMeter.Android\DPSMeter.Android.csproj", "{6E933695-6A1F-49A6-9CCB-79B17EA1C2D4}"
EndProject
Project("{FAE04EC0-301F-11D3-BF4B-00C04F79EFBC}") = "DPSMeter.Desktop", "DPSMeter\DPSMeter.Desktop\DPSMeter.Desktop.csproj", "{F305B289-E09A-4158-B576-37C883B4A116}"
EndProject
Project("{FAE04EC0-301F-11D3-BF4B-00C04F79EFBC}") = "DPSMeter.iOS", "DPSMeter\DPSMeter.iOS\DPSMeter.iOS.csproj", "{A618D905-9368-4020-A6A0-8B327E384C06}"
EndProject
Project("{FAE04EC0-301F-11D3-BF4B-00C04F79EFBC}") = "DPSMeter.Browser", "DPSMeter\DPSMeter.Browser\DPSMeter.Browser.csproj", "{B646BECE-C987-4397-B21B-77DF4D68293E}"
EndProject
Global
	GlobalSection(SolutionConfigurationPlatforms) = preSolution
		Debug|Any CPU = Debug|Any CPU
		Debug|x64 = Debug|x64
		Release|Any CPU = Release|Any CPU
		Release|x64 = Release|x64
	EndGlobalSection
	GlobalSection(ProjectConfigurationPlatforms) = postSolution
		{8A84A673-FFE1-4752-AE7E-72CDB87B453C}.Debug|Any CPU.ActiveCfg = Debug|Any CPU
		{8A84A673-FFE1-4752-AE7E-72CDB87B453C}.Debug|Any CPU.Build.0 = Debug|Any CPU
		{8A84A673-FFE1-4752-AE7E-72CDB87B453C}.Debug|x64.ActiveCfg = Debug|x64
		{8A84A673-FFE1-4752-AE7E-72CDB87B453C}.Debug|x64.Build.0 = Debug|x64
		{8A84A673-FFE1-4752-AE7E-72CDB87B453C}.Release|Any CPU.ActiveCfg = Release|Any CPU
		{8A84A673-FFE1-4752-AE7E-72CDB87B453C}.Release|Any CPU.Build.0 = Release|Any CPU
		{8A84A673-FFE1-4752-AE7E-72CDB87B453C}.Release|x64.ActiveCfg = Release|x64
		{8A84A673-FFE1-4752-AE7E-72CDB87B453C}.Release|x64.Build.0 = Release|x64
		{B15F2B40-CAE2-4470-830C-BF8954E27DF3}.Debug|Any CPU.ActiveCfg = Debug|Any CPU
		{B15F2B40-CAE2-4470-830C-BF8954E27DF3}.Debug|Any CPU.Build.0 = Debug|Any CPU
		{B15F2B40-CAE2-4470-830C-BF8954E27DF3}.Debug|x64.ActiveCfg = Debug|x64
		{B15F2B40-CAE2-4470-830C-BF8954E27DF3}.Debug|x64.Build.0 = Debug|x64
		{B15F2B40-CAE2-4470-830C-BF8954E27DF3}.Release|Any CPU.ActiveCfg = Release|Any CPU
		{B15F2B40-CAE2-4470-830C-BF8954E27DF3}.Release|Any CPU.Build.0 = Release|Any CPU
		{B15F2B40-CAE2-4470-830C-BF8954E27DF3}.Release|x64.ActiveCfg = Release|x64
		{B15F2B40-CAE2-4470-830C-BF8954E27DF3}.Release|x64.Build.0 = Release|x64
		{0012F006-D52A-479C-B655-7C8429080DB2}.Debug|Any CPU.ActiveCfg = Debug|Any CPU
		{0012F006-D52A-479C-B655-7C8429080DB2}.Debug|Any CPU.Build.0 = Debug|Any CPU
		{0012F006-D52A-479C-B655-7C8429080DB2}.Debug|x64.ActiveCfg = Debug|Any CPU
		{0012F006-D52A-479C-B655-7C8429080DB2}.Debug|x64.Build.0 = Debug|Any CPU
		{0012F006-D52A-479C-B655-7C8429080DB2}.Release|Any CPU.ActiveCfg = Release|Any CPU
		{0012F006-D52A-479C-B655-7C8429080DB2}.Release|Any CPU.Build.0 = Release|Any CPU
		{0012F006-D52A-479C-B655-7C8429080DB2}.Release|x64.ActiveCfg = Release|Any CPU
		{0012F006-D52A-479C-B655-7C8429080DB2}.Release|x64.Build.0 = Release|Any CPU
		{31FAE2F9-9DE5-4892-BD33-17CA0EF79493}.Debug|Any CPU.ActiveCfg = Debug|Any CPU
		{31FAE2F9-9DE5-4892-BD33-17CA0EF79493}.Debug|Any CPU.Build.0 = Debug|Any CPU
		{31FAE2F9-9DE5-4892-BD33-17CA0EF79493}.Debug|x64.ActiveCfg = Debug|Any CPU
		{31FAE2F9-9DE5-4892-BD33-17CA0EF79493}.Debug|x64.Build.0 = Debug|Any CPU
		{31FAE2F9-9DE5-4892-BD33-17CA0EF79493}.Release|Any CPU.ActiveCfg = Release|Any CPU
		{31FAE2F9-9DE5-4892-BD33-17CA0EF79493}.Release|Any CPU.Build.0 = Release|Any CPU
		{31FAE2F9-9DE5-4892-BD33-17CA0EF79493}.Release|x64.ActiveCfg = Release|Any CPU
		{31FAE2F9-9DE5-4892-BD33-17CA0EF79493}.Release|x64.Build.0 = Release|Any CPU
		{6E933695-6A1F-49A6-9CCB-79B17EA1C2D4}.Debug|Any CPU.ActiveCfg = Debug|Any CPU
		{6E933695-6A1F-49A6-9CCB-79B17EA1C2D4}.Debug|Any CPU.Build.0 = Debug|Any CPU
		{6E933695-6A1F-49A6-9CCB-79B17EA1C2D4}.Debug|x64.ActiveCfg = Debug|Any CPU
		{6E933695-6A1F-49A6-9CCB-79B17EA1C2D4}.Debug|x64.Build.0 = Debug|Any CPU
		{6E933695-6A1F-49A6-9CCB-79B17EA1C2D4}.Release|Any CPU.ActiveCfg = Release|Any CPU
		{6E933695-6A1F-49A6-9CCB-79B17EA1C2D4}.Release|Any CPU.Build.0 = Release|Any CPU
		{6E933695-6A1F-49A6-9CCB-79B17EA1C2D4}.Release|x64.ActiveCfg = Release|Any CPU
		{6E933695-6A1F-49A6-9CCB-79B17EA1C2D4}.Release|x64.Build.0 = Release|Any CPU
		{F305B289-E09A-4158-B576-37C883B4A116}.Debug|Any CPU.ActiveCfg = Debug|Any CPU
		{F305B289-E09A-4158-B576-37C883B4A116}.Debug|Any CPU.Build.0 = Debug|Any CPU
		{F305B289-E09A-4158-B576-37C883B4A116}.Debug|x64.ActiveCfg = Debug|Any CPU
		{F305B289-E09A-4158-B576-37C883B4A116}.Debug|x64.Build.0 = Debug|Any CPU
		{F305B289-E09A-4158-B576-37C883B4A116}.Release|Any CPU.ActiveCfg = Release|Any CPU
		{F305B289-E09A-4158-B576-37C883B4A116}.Release|Any CPU.Build.0 = Release|Any CPU
		{F305B289-E09A-4158-B576-37C883B4A116}.Release|x64.ActiveCfg = Release|Any CPU
		{F305B289-E09A-4158-B576-37C883B4A116}.Release|x64.Build.0 = Release|Any CPU
		{A618D905-9368-4020-A6A0-8B327E384C06}.Debug|Any CPU.ActiveCfg = Debug|Any CPU
		{A618D905-9368-4020-A6A0-8B327E384C06}.Debug|Any CPU.Build.0 = Debug|Any CPU
		{A618D905-9368-4020-A6A0-8B327E384C06}.Debug|x64.ActiveCfg = Debug|Any CPU
		{A618D905-9368-4020-A6A0-8B327E384C06}.Debug|x64.Build.0 = Debug|Any CPU
		{A618D905-9368-4020-A6A0-8B327E384C06}.Release|Any CPU.ActiveCfg = Release|Any CPU
		{A618D905-9368-4020-A6A0-8B327E384C06}.Release|Any CPU.Build.0 = Release|Any CPU
		{A618D905-9368-4020-A6A0-8B327E384C06}.Release|x64.ActiveCfg = Release|Any CPU
		{A618D905-9368-4020-A6A0-8B327E384C06}.Release|x64.Build.0 = Release|Any CPU
		{B646BECE-C987-4397-B21B-77DF4D68293E}.Debug|Any CPU.ActiveCfg = Debug|Any CPU
		{B646BECE-C987-4397-B21B-77DF4D68293E}.Debug|Any CPU.Build.0 = Debug|Any CPU
		{B646BECE-C987-4397-B21B-77DF4D68293E}.Debug|x64.ActiveCfg = Debug|Any CPU
		{B646BECE-C987-4397-B21B-77DF4D68293E}.Debug|x64.Build.0 = Debug|Any CPU
		{B646BECE-C987-4397-B21B-77DF4D68293E}.Release|Any CPU.ActiveCfg = Release|Any CPU
		{B646BECE-C987-4397-B21B-77DF4D68293E}.Release|Any CPU.Build.0 = Release|Any CPU
		{B646BECE-C987-4397-B21B-77DF4D68293E}.Release|x64.ActiveCfg = Release|Any CPU
		{B646BECE-C987-4397-B21B-77DF4D68293E}.Release|x64.Build.0 = Release|Any CPU
	EndGlobalSection
	GlobalSection(SolutionProperties) = preSolution
		HideSolutionNode = FALSE
	EndGlobalSection
	GlobalSection(ExtensibilityGlobals) = postSolution
		SolutionGuid = {97C6A920-A5F7-4D68-AA1F-1920765DC694}
	EndGlobalSection
EndGlobal
